# @generated by Move, please check-in and do not edit manually.

[move]
version = 3
manifest_digest = "EE5EE0111169D8A6A537C5B888284128F617D516AC39AFE2B4A66AED5C3CCD12"
deps_digest = "F8BBB0CCB2491CA29A3DF03D6F92277A4F3574266507ACD77214D37ECA3F3082"
dependencies = [
  { id = "Sui", name = "Sui" },
]

[[move.package]]
id = "MoveStdlib"
source = { git = "https://github.com/MystenLabs/sui.git", rev = "framework/testnet", subdir = "crates/sui-framework/packages/move-stdlib" }

[[move.package]]
id = "Sui"
source = { git = "https://github.com/MystenLabs/sui.git", rev = "framework/testnet", subdir = "crates/sui-framework/packages/sui-framework" }

dependencies = [
  { id = "MoveStdlib", name = "MoveStdlib" },
]

[move.toolchain-version]
compiler-version = "1.58.2"
edition = "2024.beta"
flavor = "sui"

[env]

[env.testnet]
chain-id = "4c78adac"
original-published-id = "0x1b2bf6cdb5a64dbd82e21b977286cbea80bcb4641e17ac6ae524c8d549718425"
latest-published-id = "0x1b2bf6cdb5a64dbd82e21b977286cbea80bcb4641e17ac6ae524c8d549718425"
published-version = "1"
